// !$*UTF8*$!
{
	archiveVersion = 1;
	classes = {
	};
	objectVersion = 46;
	objects = {

/* Begin PBXBuildFile section */
		01FAB2D81F1032F400CABD19 /* AppDelegate.swift in Sources */ = {isa = PBXBuildFile; fileRef = 01FAB2D71F1032F400CABD19 /* AppDelegate.swift */; };
		01FAB2DA1F1032F400CABD19 /* ViewController.swift in Sources */ = {isa = PBXBuildFile; fileRef = 01FAB2D91F1032F400CABD19 /* ViewController.swift */; };
		01FAB2DD1F1032F400CABD19 /* Main.storyboard in Resources */ = {isa = PBXBuildFile; fileRef = 01FAB2DB1F1032F400CABD19 /* Main.storyboard */; };
		01FAB2E01F1032F400CABD19 /* StringReversal.xcdatamodeld in Sources */ = {isa = PBXBuildFile; fileRef = 01FAB2DE1F1032F400CABD19 /* StringReversal.xcdatamodeld */; };
		01FAB2E21F1032F400CABD19 /* Assets.xcassets in Resources */ = {isa = PBXBuildFile; fileRef = 01FAB2E11F1032F400CABD19 /* Assets.xcassets */; };
		01FAB2E51F1032F400CABD19 /* LaunchScreen.storyboard in Resources */ = {isa = PBXBuildFile; fileRef = 01FAB2E31F1032F400CABD19 /* LaunchScreen.storyboard */; };
		01FAB2F01F1032F400CABD19 /* StringReversalTests.swift in Sources */ = {isa = PBXBuildFile; fileRef = 01FAB2EF1F1032F400CABD19 /* StringReversalTests.swift */; };
		01FAB2FB1F1032F400CABD19 /* StringReversalUITests.swift in Sources */ = {isa = PBXBuildFile; fileRef = 01FAB2FA1F1032F400CABD19 /* StringReversalUITests.swift */; };
		01FAB3091F10331500CABD19 /* StringReverser.swift in Sources */ = {isa = PBXBuildFile; fileRef = 01FAB3081F10331500CABD19 /* StringReverser.swift */; };
/* End PBXBuildFile section */

/* Begin PBXContainerItemProxy section */
		01FAB2EC1F1032F400CABD19 /* PBXContainerItemProxy */ = {
			isa = PBXContainerItemProxy;
			containerPortal = 01FAB2CC1F1032F400CABD19 /* Project object */;
			proxyType = 1;
			remoteGlobalIDString = 01FAB2D31F1032F400CABD19;
			remoteInfo = StringReversal;
		};
		01FAB2F71F1032F400CABD19 /* PBXContainerItemProxy */ = {
			isa = PBXContainerItemProxy;
			containerPortal = 01FAB2CC1F1032F400CABD19 /* Project object */;
			proxyType = 1;
			remoteGlobalIDString = 01FAB2D31F1032F400CABD19;
			remoteInfo = StringReversal;
		};
/* End PBXContainerItemProxy section */

/* Begin PBXFileReference section */
		01FAB2D41F1032F400CABD19 /* StringReversal.app */ = {isa = PBXFileReference; explicitFileType = wrapper.application; includeInIndex = 0; path = StringReversal.app; sourceTree = BUILT_PRODUCTS_DIR; };
		01FAB2D71F1032F400CABD19 /* AppDelegate.swift */ = {isa = PBXFileReference; lastKnownFileType = sourcecode.swift; path = AppDelegate.swift; sourceTree = "<group>"; };
		01FAB2D91F1032F400CABD19 /* ViewController.swift */ = {isa = PBXFileReference; lastKnownFileType = sourcecode.swift; path = ViewController.swift; sourceTree = "<group>"; };
		01FAB2DC1F1032F400CABD19 /* Base */ = {isa = PBXFileReference; lastKnownFileType = file.storyboard; name = Base; path = Base.lproj/Main.storyboard; sourceTree = "<group>"; };
		01FAB2DF1F1032F400CABD19 /* StringReversal.xcdatamodel */ = {isa = PBXFileReference; lastKnownFileType = wrapper.xcdatamodel; path = StringReversal.xcdatamodel; sourceTree = "<group>"; };
		01FAB2E11F1032F400CABD19 /* Assets.xcassets */ = {isa = PBXFileReference; lastKnownFileType = folder.assetcatalog; path = Assets.xcassets; sourceTree = "<group>"; };
		01FAB2E41F1032F400CABD19 /* Base */ = {isa = PBXFileReference; lastKnownFileType = file.storyboard; name = Base; path = Base.lproj/LaunchScreen.storyboard; sourceTree = "<group>"; };
		01FAB2E61F1032F400CABD19 /* Info.plist */ = {isa = PBXFileReference; lastKnownFileType = text.plist.xml; path = Info.plist; sourceTree = "<group>"; };
		01FAB2EB1F1032F400CABD19 /* StringReversalTests.xctest */ = {isa = PBXFileReference; explicitFileType = wrapper.cfbundle; includeInIndex = 0; path = StringReversalTests.xctest; sourceTree = BUILT_PRODUCTS_DIR; };
		01FAB2EF1F1032F400CABD19 /* StringReversalTests.swift */ = {isa = PBXFileReference; lastKnownFileType = sourcecode.swift; path = StringReversalTests.swift; sourceTree = "<group>"; };
		01FAB2F11F1032F400CABD19 /* Info.plist */ = {isa = PBXFileReference; lastKnownFileType = text.plist.xml; path = Info.plist; sourceTree = "<group>"; };
		01FAB2F61F1032F400CABD19 /* StringReversalUITests.xctest */ = {isa = PBXFileReference; explicitFileType = wrapper.cfbundle; includeInIndex = 0; path = StringReversalUITests.xctest; sourceTree = BUILT_PRODUCTS_DIR; };
		01FAB2FA1F1032F400CABD19 /* StringReversalUITests.swift */ = {isa = PBXFileReference; lastKnownFileType = sourcecode.swift; path = StringReversalUITests.swift; sourceTree = "<group>"; };
		01FAB2FC1F1032F400CABD19 /* Info.plist */ = {isa = PBXFileReference; lastKnownFileType = text.plist.xml; path = Info.plist; sourceTree = "<group>"; };
		01FAB3081F10331500CABD19 /* StringReverser.swift */ = {isa = PBXFileReference; fileEncoding = 4; lastKnownFileType = sourcecode.swift; path = StringReverser.swift; sourceTree = "<group>"; };
/* End PBXFileReference section */

/* Begin PBXFrameworksBuildPhase section */
		01FAB2D11F1032F400CABD19 /* Frameworks */ = {
			isa = PBXFrameworksBuildPhase;
			buildActionMask = 2147483647;
			files = (
			);
			runOnlyForDeploymentPostprocessing = 0;
		};
		01FAB2E81F1032F400CABD19 /* Frameworks */ = {
			isa = PBXFrameworksBuildPhase;
			buildActionMask = 2147483647;
			files = (
			);
			runOnlyForDeploymentPostprocessing = 0;
		};
		01FAB2F31F1032F400CABD19 /* Frameworks */ = {
			isa = PBXFrameworksBuildPhase;
			buildActionMask = 2147483647;
			files = (
			);
			runOnlyForDeploymentPostprocessing = 0;
		};
/* End PBXFrameworksBuildPhase section */

/* Begin PBXGroup section */
		01FAB2CB1F1032F400CABD19 = {
			isa = PBXGroup;
			children = (
				01FAB2D61F1032F400CABD19 /* StringReversal */,
				01FAB2EE1F1032F400CABD19 /* StringReversalTests */,
				01FAB2F91F1032F400CABD19 /* StringReversalUITests */,
				01FAB2D51F1032F400CABD19 /* Products */,
			);
			sourceTree = "<group>";
		};
		01FAB2D51F1032F400CABD19 /* Products */ = {
			isa = PBXGroup;
			children = (
				01FAB2D41F1032F400CABD19 /* StringReversal.app */,
				01FAB2EB1F1032F400CABD19 /* StringReversalTests.xctest */,
				01FAB2F61F1032F400CABD19 /* StringReversalUITests.xctest */,
			);
			name = Products;
			sourceTree = "<group>";
		};
		01FAB2D61F1032F400CABD19 /* StringReversal */ = {
			isa = PBXGroup;
			children = (
				01FAB2D71F1032F400CABD19 /* AppDelegate.swift */,
				01FAB2D91F1032F400CABD19 /* ViewController.swift */,
				01FAB3081F10331500CABD19 /* StringReverser.swift */,
				01FAB2DB1F1032F400CABD19 /* Main.storyboard */,
				01FAB2E11F1032F400CABD19 /* Assets.xcassets */,
				01FAB2E31F1032F400CABD19 /* LaunchScreen.storyboard */,
				01FAB2E61F1032F400CABD19 /* Info.plist */,
				01FAB2DE1F1032F400CABD19 /* StringReversal.xcdatamodeld */,
			);
			path = StringReversal;
			sourceTree = "<group>";
		};
		01FAB2EE1F1032F400CABD19 /* StringReversalTests */ = {
			isa = PBXGroup;
			children = (
				01FAB2EF1F1032F400CABD19 /* StringReversalTests.swift */,
				01FAB2F11F1032F400CABD19 /* Info.plist */,
			);
			path = StringReversalTests;
			sourceTree = "<group>";
		};
		01FAB2F91F1032F400CABD19 /* StringReversalUITests */ = {
			isa = PBXGroup;
			children = (
				01FAB2FA1F1032F400CABD19 /* StringReversalUITests.swift */,
				01FAB2FC1F1032F400CABD19 /* Info.plist */,
			);
			path = StringReversalUITests;
			sourceTree = "<group>";
		};
/* End PBXGroup section */

/* Begin PBXNativeTarget section */
		01FAB2D31F1032F400CABD19 /* StringReversal */ = {
			isa = PBXNativeTarget;
			buildConfigurationList = 01FAB2FF1F1032F400CABD19 /* Build configuration list for PBXNativeTarget "StringReversal" */;
			buildPhases = (
				01FAB2D01F1032F400CABD19 /* Sources */,
				01FAB2D11F1032F400CABD19 /* Frameworks */,
				01FAB2D21F1032F400CABD19 /* Resources */,
			);
			buildRules = (
			);
			dependencies = (
			);
			name = StringReversal;
			productName = StringReversal;
			productReference = 01FAB2D41F1032F400CABD19 /* StringReversal.app */;
			productType = "com.apple.product-type.application";
		};
		01FAB2EA1F1032F400CABD19 /* StringReversalTests */ = {
			isa = PBXNativeTarget;
			buildConfigurationList = 01FAB3021F1032F400CABD19 /* Build configuration list for PBXNativeTarget "StringReversalTests" */;
			buildPhases = (
				01FAB2E71F1032F400CABD19 /* Sources */,
				01FAB2E81F1032F400CABD19 /* Frameworks */,
				01FAB2E91F1032F400CABD19 /* Resources */,
			);
			buildRules = (
			);
			dependencies = (
				01FAB2ED1F1032F400CABD19 /* PBXTargetDependency */,
			);
			name = StringReversalTests;
			productName = StringReversalTests;
			productReference = 01FAB2EB1F1032F400CABD19 /* StringReversalTests.xctest */;
			productType = "com.apple.product-type.bundle.unit-test";
		};
		01FAB2F51F1032F400CABD19 /* StringReversalUITests */ = {
			isa = PBXNativeTarget;
			buildConfigurationList = 01FAB3051F1032F400CABD19 /* Build configuration list for PBXNativeTarget "StringReversalUITests" */;
			buildPhases = (
				01FAB2F21F1032F400CABD19 /* Sources */,
				01FAB2F31F1032F400CABD19 /* Frameworks */,
				01FAB2F41F1032F400CABD19 /* Resources */,
			);
			buildRules = (
			);
			dependencies = (
				01FAB2F81F1032F400CABD19 /* PBXTargetDependency */,
			);
			name = StringReversalUITests;
			productName = StringReversalUITests;
			productReference = 01FAB2F61F1032F400CABD19 /* StringReversalUITests.xctest */;
			productType = "com.apple.product-type.bundle.ui-testing";
		};
/* End PBXNativeTarget section */

/* Begin PBXProject section */
		01FAB2CC1F1032F400CABD19 /* Project object */ = {
			isa = PBXProject;
			attributes = {
				LastSwiftUpdateCheck = 0830;
				LastUpgradeCheck = 0830;
				ORGANIZATIONNAME = MichellineTran;
				TargetAttributes = {
					01FAB2D31F1032F400CABD19 = {
						CreatedOnToolsVersion = 8.3.2;
						ProvisioningStyle = Automatic;
					};
					01FAB2EA1F1032F400CABD19 = {
						CreatedOnToolsVersion = 8.3.2;
						ProvisioningStyle = Automatic;
						TestTargetID = 01FAB2D31F1032F400CABD19;
					};
					01FAB2F51F1032F400CABD19 = {
						CreatedOnToolsVersion = 8.3.2;
						ProvisioningStyle = Automatic;
						TestTargetID = 01FAB2D31F1032F400CABD19;
					};
				};
			};
			buildConfigurationList = 01FAB2CF1F1032F400CABD19 /* Build configuration list for PBXProject "StringReversal" */;
			compatibilityVersion = "Xcode 3.2";
			developmentRegion = English;
			hasScannedForEncodings = 0;
			knownRegions = (
				en,
				Base,
			);
			mainGroup = 01FAB2CB1F1032F400CABD19;
			productRefGroup = 01FAB2D51F1032F400CABD19 /* Products */;
			projectDirPath = "";
			projectRoot = "";
			targets = (
				01FAB2D31F1032F400CABD19 /* StringReversal */,
				01FAB2EA1F1032F400CABD19 /* StringReversalTests */,
				01FAB2F51F1032F400CABD19 /* StringReversalUITests */,
			);
		};
/* End PBXProject section */

/* Begin PBXResourcesBuildPhase section */
		01FAB2D21F1032F400CABD19 /* Resources */ = {
			isa = PBXResourcesBuildPhase;
			buildActionMask = 2147483647;
			files = (
				01FAB2E51F1032F400CABD19 /* LaunchScreen.storyboard in Resources */,
				01FAB2E21F1032F400CABD19 /* Assets.xcassets in Resources */,
				01FAB2DD1F1032F400CABD19 /* Main.storyboard in Resources */,
			);
			runOnlyForDeploymentPostprocessing = 0;
		};
		01FAB2E91F1032F400CABD19 /* Resources */ = {
			isa = PBXResourcesBuildPhase;
			buildActionMask = 2147483647;
			files = (
			);
			runOnlyForDeploymentPostprocessing = 0;
		};
		01FAB2F41F1032F400CABD19 /* Resources */ = {
			isa = PBXResourcesBuildPhase;
			buildActionMask = 2147483647;
			files = (
			);
			runOnlyForDeploymentPostprocessing = 0;
		};
/* End PBXResourcesBuildPhase section */

/* Begin PBXSourcesBuildPhase section */
		01FAB2D01F1032F400CABD19 /* Sources */ = {
			isa = PBXSourcesBuildPhase;
			buildActionMask = 2147483647;
			files = (
				01FAB3091F10331500CABD19 /* StringReverser.swift in Sources */,
				01FAB2DA1F1032F400CABD19 /* ViewController.swift in Sources */,
				01FAB2D81F1032F400CABD19 /* AppDelegate.swift in Sources */,
				01FAB2E01F1032F400CABD19 /* StringReversal.xcdatamodeld in Sources */,
			);
			runOnlyForDeploymentPostprocessing = 0;
		};
		01FAB2E71F1032F400CABD19 /* Sources */ = {
			isa = PBXSourcesBuildPhase;
			buildActionMask = 2147483647;
			files = (
				01FAB2F01F1032F400CABD19 /* StringReversalTests.swift in Sources */,
			);
			runOnlyForDeploymentPostprocessing = 0;
		};
		01FAB2F21F1032F400CABD19 /* Sources */ = {
			isa = PBXSourcesBuildPhase;
			buildActionMask = 2147483647;
			files = (
				01FAB2FB1F1032F400CABD19 /* StringReversalUITests.swift in Sources */,
			);
			runOnlyForDeploymentPostprocessing = 0;
		};
/* End PBXSourcesBuildPhase section */

/* Begin PBXTargetDependency section */
		01FAB2ED1F1032F400CABD19 /* PBXTargetDependency */ = {
			isa = PBXTargetDependency;
			target = 01FAB2D31F1032F400CABD19 /* StringReversal */;
			targetProxy = 01FAB2EC1F1032F400CABD19 /* PBXContainerItemProxy */;
		};
		01FAB2F81F1032F400CABD19 /* PBXTargetDependency */ = {
			isa = PBXTargetDependency;
			target = 01FAB2D31F1032F400CABD19 /* StringReversal */;
			targetProxy = 01FAB2F71F1032F400CABD19 /* PBXContainerItemProxy */;
		};
/* End PBXTargetDependency section */

/* Begin PBXVariantGroup section */
		01FAB2DB1F1032F400CABD19 /* Main.storyboard */ = {
			isa = PBXVariantGroup;
			children = (
				01FAB2DC1F1032F400CABD19 /* Base */,
			);
			name = Main.storyboard;
			sourceTree = "<group>";
		};
		01FAB2E31F1032F400CABD19 /* LaunchScreen.storyboard */ = {
			isa = PBXVariantGroup;
			children = (
				01FAB2E41F1032F400CABD19 /* Base */,
			);
			name = LaunchScreen.storyboard;
			sourceTree = "<group>";
		};
/* End PBXVariantGroup section */

/* Begin XCBuildConfiguration section */
		01FAB2FD1F1032F400CABD19 /* Debug */ = {
			isa = XCBuildConfiguration;
			buildSettings = {
				ALWAYS_SEARCH_USER_PATHS = NO;
				CLANG_ANALYZER_NONNULL = YES;
				CLANG_ANALYZER_NUMBER_OBJECT_CONVERSION = YES_AGGRESSIVE;
				CLANG_CXX_LANGUAGE_STANDARD = "gnu++0x";
				CLANG_CXX_LIBRARY = "libc++";
				CLANG_ENABLE_MODULES = YES;
				CLANG_ENABLE_OBJC_ARC = YES;
				CLANG_WARN_BOOL_CONVERSION = YES;
				CLANG_WARN_CONSTANT_CONVERSION = YES;
				CLANG_WARN_DIRECT_OBJC_ISA_USAGE = YES_ERROR;
				CLANG_WARN_DOCUMENTATION_COMMENTS = YES;
				CLANG_WARN_EMPTY_BODY = YES;
				CLANG_WARN_ENUM_CONVERSION = YES;
				CLANG_WARN_INFINITE_RECURSION = YES;
				CLANG_WARN_INT_CONVERSION = YES;
				CLANG_WARN_OBJC_ROOT_CLASS = YES_ERROR;
				CLANG_WARN_SUSPICIOUS_MOVE = YES;
				CLANG_WARN_UNREACHABLE_CODE = YES;
				CLANG_WARN__DUPLICATE_METHOD_MATCH = YES;
				"CODE_SIGN_IDENTITY[sdk=iphoneos*]" = "iPhone Developer";
				COPY_PHASE_STRIP = NO;
				DEBUG_INFORMATION_FORMAT = dwarf;
				ENABLE_STRICT_OBJC_MSGSEND = YES;
				ENABLE_TESTABILITY = YES;
				GCC_C_LANGUAGE_STANDARD = gnu99;
				GCC_DYNAMIC_NO_PIC = NO;
				GCC_NO_COMMON_BLOCKS = YES;
				GCC_OPTIMIZATION_LEVEL = 0;
				GCC_PREPROCESSOR_DEFINITIONS = (
					"DEBUG=1",
					"$(inherited)",
				);
				GCC_WARN_64_TO_32_BIT_CONVERSION = YES;
				GCC_WARN_ABOUT_RETURN_TYPE = YES_ERROR;
				GCC_WARN_UNDECLARED_SELECTOR = YES;
				GCC_WARN_UNINITIALIZED_AUTOS = YES_AGGRESSIVE;
				GCC_WARN_UNUSED_FUNCTION = YES;
				GCC_WARN_UNUSED_VARIABLE = YES;
				IPHONEOS_DEPLOYMENT_TARGET = 10.3;
				MTL_ENABLE_DEBUG_INFO = YES;
				ONLY_ACTIVE_ARCH = YES;
				SDKROOT = iphoneos;
				SWIFT_ACTIVE_COMPILATION_CONDITIONS = DEBUG;
				SWIFT_OPTIMIZATION_LEVEL = "-Onone";
				TARGETED_DEVICE_FAMILY = "1,2";
			};
			name = Debug;
		};
		01FAB2FE1F1032F400CABD19 /* Release */ = {
			isa = XCBuildConfiguration;
			buildSettings = {
				ALWAYS_SEARCH_USER_PATHS = NO;
				CLANG_ANALYZER_NONNULL = YES;
				CLANG_ANALYZER_NUMBER_OBJECT_CONVERSION = YES_AGGRESSIVE;
				CLANG_CXX_LANGUAGE_STANDARD = "gnu++0x";
				CLANG_CXX_LIBRARY = "libc++";
				CLANG_ENABLE_MODULES = YES;
				CLANG_ENABLE_OBJC_ARC = YES;
				CLANG_WARN_BOOL_CONVERSION = YES;
				CLANG_WARN_CONSTANT_CONVERSION = YES;
				CLANG_WARN_DIRECT_OBJC_ISA_USAGE = YES_ERROR;
				CLANG_WARN_DOCUMENTATION_COMMENTS = YES;
				CLANG_WARN_EMPTY_BODY = YES;
				CLANG_WARN_ENUM_CONVERSION = YES;
				CLANG_WARN_INFINITE_RECURSION = YES;
				CLANG_WARN_INT_CONVERSION = YES;
				CLANG_WARN_OBJC_ROOT_CLASS = YES_ERROR;
				CLANG_WARN_SUSPICIOUS_MOVE = YES;
				CLANG_WARN_UNREACHABLE_CODE = YES;
				CLANG_WARN__DUPLICATE_METHOD_MATCH = YES;
				"CODE_SIGN_IDENTITY[sdk=iphoneos*]" = "iPhone Developer";
				COPY_PHASE_STRIP = NO;
				DEBUG_INFORMATION_FORMAT = "dwarf-with-dsym";
				ENABLE_NS_ASSERTIONS = NO;
				ENABLE_STRICT_OBJC_MSGSEND = YES;
				GCC_C_LANGUAGE_STANDARD = gnu99;
				GCC_NO_COMMON_BLOCKS = YES;
				GCC_WARN_64_TO_32_BIT_CONVERSION = YES;
				GCC_WARN_ABOUT_RETURN_TYPE = YES_ERROR;
				GCC_WARN_UNDECLARED_SELECTOR = YES;
				GCC_WARN_UNINITIALIZED_AUTOS = YES_AGGRESSIVE;
				GCC_WARN_UNUSED_FUNCTION = YES;
				GCC_WARN_UNUSED_VARIABLE = YES;
				IPHONEOS_DEPLOYMENT_TARGET = 10.3;
				MTL_ENABLE_DEBUG_INFO = NO;
				SDKROOT = iphoneos;
				SWIFT_OPTIMIZATION_LEVEL = "-Owholemodule";
				TARGETED_DEVICE_FAMILY = "1,2";
				VALIDATE_PRODUCT = YES;
			};
			name = Release;
		};
		01FAB3001F1032F400CABD19 /* Debug */ = {
			isa = XCBuildConfiguration;
			buildSettings = {
				ASSETCATALOG_COMPILER_APPICON_NAME = AppIcon;
				INFOPLIST_FILE = StringReversal/Info.plist;
				LD_RUNPATH_SEARCH_PATHS = "$(inherited) @executable_path/Frameworks";
				PRODUCT_BUNDLE_IDENTIFIER = com.michelline.StringReversal;
				PRODUCT_NAME = "$(TARGET_NAME)";
				SWIFT_VERSION = 3.0;
			};
			name = Debug;
		};
		01FAB3011F1032F400CABD19 /* Release */ = {
			isa = XCBuildConfiguration;
			buildSettings = {
				ASSETCATALOG_COMPILER_APPICON_NAME = AppIcon;
				INFOPLIST_FILE = StringReversal/Info.plist;
				LD_RUNPATH_SEARCH_PATHS = "$(inherited) @executable_path/Frameworks";
				PRODUCT_BUNDLE_IDENTIFIER = com.michelline.StringReversal;
				PRODUCT_NAME = "$(TARGET_NAME)";
				SWIFT_VERSION = 3.0;
			};
			name = Release;
		};
		01FAB3031F1032F400CABD19 /* Debug */ = {
			isa = XCBuildConfiguration;
			buildSettings = {
				ALWAYS_EMBED_SWIFT_STANDARD_LIBRARIES = YES;
				BUNDLE_LOADER = "$(TEST_HOST)";
				INFOPLIST_FILE = StringReversalTests/Info.plist;
				LD_RUNPATH_SEARCH_PATHS = "$(inherited) @executable_path/Frameworks @loader_path/Frameworks";
				PRODUCT_BUNDLE_IDENTIFIER = com.michelline.StringReversalTests;
				PRODUCT_NAME = "$(TARGET_NAME)";
				SWIFT_VERSION = 3.0;
				TEST_HOST = "$(BUILT_PRODUCTS_DIR)/StringReversal.app/StringReversal";
			};
			name = Debug;
		};
		01FAB3041F1032F400CABD19 /* Release */ = {
			isa = XCBuildConfiguration;
			buildSettings = {
				ALWAYS_EMBED_SWIFT_STANDARD_LIBRARIES = YES;
				BUNDLE_LOADER = "$(TEST_HOST)";
				INFOPLIST_FILE = StringReversalTests/Info.plist;
				LD_RUNPATH_SEARCH_PATHS = "$(inherited) @executable_path/Frameworks @loader_path/Frameworks";
				PRODUCT_BUNDLE_IDENTIFIER = com.michelline.StringReversalTests;
				PRODUCT_NAME = "$(TARGET_NAME)";
				SWIFT_VERSION = 3.0;
				TEST_HOST = "$(BUILT_PRODUCTS_DIR)/StringReversal.app/StringReversal";
			};
			name = Release;
		};
		01FAB3061F1032F400CABD19 /* Debug */ = {
			isa = XCBuildConfiguration;
			buildSettings = {
				ALWAYS_EMBED_SWIFT_STANDARD_LIBRARIES = YES;
				INFOPLIST_FILE = StringReversalUITests/Info.plist;
				LD_RUNPATH_SEARCH_PATHS = "$(inherited) @executable_path/Frameworks @loader_path/Frameworks";
				PRODUCT_BUNDLE_IDENTIFIER = com.michelline.StringReversalUITests;
				PRODUCT_NAME = "$(TARGET_NAME)";
				SWIFT_VERSION = 3.0;
				TEST_TARGET_NAME = StringReversal;
			};
			name = Debug;
		};
		01FAB3071F1032F400CABD19 /* Release */ = {
			isa = XCBuildConfiguration;
			buildSettings = {
				ALWAYS_EMBED_SWIFT_STANDARD_LIBRARIES = YES;
				INFOPLIST_FILE = StringReversalUITests/Info.plist;
				LD_RUNPATH_SEARCH_PATHS = "$(inherited) @executable_path/Frameworks @loader_path/Frameworks";
				PRODUCT_BUNDLE_IDENTIFIER = com.michelline.StringReversalUITests;
				PRODUCT_NAME = "$(TARGET_NAME)";
				SWIFT_VERSION = 3.0;
				TEST_TARGET_NAME = StringReversal;
			};
			name = Release;
		};
/* End XCBuildConfiguration section */

/* Begin XCConfigurationList section */
		01FAB2CF1F1032F400CABD19 /* Build configuration list for PBXProject "StringReversal" */ = {
			isa = XCConfigurationList;
			buildConfigurations = (
				01FAB2FD1F1032F400CABD19 /* Debug */,
				01FAB2FE1F1032F400CABD19 /* Release */,
			);
			defaultConfigurationIsVisible = 0;
			defaultConfigurationName = Release;
		};
		01FAB2FF1F1032F400CABD19 /* Build configuration list for PBXNativeTarget "StringReversal" */ = {
			isa = XCConfigurationList;
			buildConfigurations = (
				01FAB3001F1032F400CABD19 /* Debug */,
				01FAB3011F1032F400CABD19 /* Release */,
			);
			defaultConfigurationIsVisible = 0;
		};
		01FAB3021F1032F400CABD19 /* Build configuration list for PBXNativeTarget "StringReversalTests" */ = {
			isa = XCConfigurationList;
			buildConfigurations = (
				01FAB3031F1032F400CABD19 /* Debug */,
				01FAB3041F1032F400CABD19 /* Release */,
			);
			defaultConfigurationIsVisible = 0;
		};
		01FAB3051F1032F400CABD19 /* Build configuration list for PBXNativeTarget "StringReversalUITests" */ = {
			isa = XCConfigurationList;
			buildConfigurations = (
				01FAB3061F1032F400CABD19 /* Debug */,
				01FAB3071F1032F400CABD19 /* Release */,
			);
			defaultConfigurationIsVisible = 0;
		};
/* End XCConfigurationList section */

/* Begin XCVersionGroup section */
		01FAB2DE1F1032F400CABD19 /* StringReversal.xcdatamodeld */ = {
			isa = XCVersionGroup;
			children = (
				01FAB2DF1F1032F400CABD19 /* StringReversal.xcdatamodel */,
			);
			currentVersion = 01FAB2DF1F1032F400CABD19 /* StringReversal.xcdatamodel */;
			path = StringReversal.xcdatamodeld;
			sourceTree = "<group>";
			versionGroupType = wrapper.xcdatamodel;
		};
/* End XCVersionGroup section */
	};
	rootObject = 01FAB2CC1F1032F400CABD19 /* Project object */;
}
